<?xml version="1.0" encoding="utf-8"?>
<Project ToolsVersion="4.0" xmlns="http://schemas.microsoft.com/developer/msbuild/2003">
  <ItemGroup>
    <Filter Include="Source Files">
      <UniqueIdentifier>{4FC737F1-C7A5-4376-A066-2A32D752A2FF}</UniqueIdentifier>
      <Extensions>cpp;c;cc;cxx;c++;cppm;ixx;def;odl;idl;hpj;bat;asm;asmx</Extensions>
    </Filter>
    <Filter Include="Header Files">
      <UniqueIdentifier>{93995380-89BD-4b04-88EB-625FBE52EBFB}</UniqueIdentifier>
      <Extensions>h;hh;hpp;hxx;h++;hm;inl;inc;ipp;xsd</Extensions>
    </Filter>
    <Filter Include="Resource Files">
      <UniqueIdentifier>{67DA6AB6-F800-4c08-8B7A-83BB121AAD01}</UniqueIdentifier>
      <Extensions>rc;ico;cur;bmp;dlg;rc2;rct;bin;rgs;gif;jpg;jpeg;jpe;resx;tiff;tif;png;wav;mfcribbon-ms</Extensions>
    </Filter>
    <Filter Include="Source Files\AkFiles">
      <UniqueIdentifier>{6a98dfb4-adc5-4979-807c-127c979083ec}</UniqueIdentifier>
    </Filter>
  </ItemGroup>
  <ItemGroup>
    <ClInclude Include="framework.h">
      <Filter>Header Files</Filter>
    </ClInclude>
    <ClInclude Include="pch.h">
      <Filter>Header Files</Filter>
    </ClInclude>
    <ClInclude Include="WiseWrapper.h">
      <Filter>Source Files</Filter>
    </ClInclude>
    <ClInclude Include="..\..\..\..\..\..\..\..\Program Files (x86)\Audiokinetic\Wwise 2022.1.5.8242\SDK\samples\SoundEngine\Common\AkDefaultLowLevelIODispatcher.h">
      <Filter>Source Files\AkFiles</Filter>
    </ClInclude>
    <ClInclude Include="..\..\..\..\..\..\..\..\Program Files (x86)\Audiokinetic\Wwise 2022.1.5.8242\SDK\samples\SoundEngine\Common\AkFileHelpersBase.h">
      <Filter>Source Files\AkFiles</Filter>
    </ClInclude>
    <ClInclude Include="..\..\..\..\..\..\..\..\Program Files (x86)\Audiokinetic\Wwise 2022.1.5.8242\SDK\samples\SoundEngine\Common\AkFileLocationBase.h">
      <Filter>Source Files\AkFiles</Filter>
    </ClInclude>
    <ClInclude Include="..\..\..\..\..\..\..\..\Program Files (x86)\Audiokinetic\Wwise 2022.1.5.8242\SDK\samples\SoundEngine\Common\AkFilePackage.h">
      <Filter>Source Files\AkFiles</Filter>
    </ClInclude>
    <ClInclude Include="..\..\..\..\..\..\..\..\Program Files (x86)\Audiokinetic\Wwise 2022.1.5.8242\SDK\samples\SoundEngine\Common\AkFilePackageLowLevelIO.h">
      <Filter>Source Files\AkFiles</Filter>
    </ClInclude>
    <ClInclude Include="..\..\..\..\..\..\..\..\Program Files (x86)\Audiokinetic\Wwise 2022.1.5.8242\SDK\samples\SoundEngine\Common\AkFilePackageLUT.h">
      <Filter>Source Files\AkFiles</Filter>
    </ClInclude>
    <ClInclude Include="..\..\..\..\..\..\..\..\Program Files (x86)\Audiokinetic\Wwise 2022.1.5.8242\SDK\samples\SoundEngine\Common\AkGeneratedSoundBanksResolver.h">
      <Filter>Source Files\AkFiles</Filter>
    </ClInclude>
    <ClInclude Include="..\..\..\..\..\..\..\..\Program Files (x86)\Audiokinetic\Wwise 2022.1.5.8242\SDK\samples\SoundEngine\Common\AkJobWorkerMgr.h">
      <Filter>Source Files\AkFiles</Filter>
    </ClInclude>
    <ClInclude Include="..\..\..\..\..\..\..\..\Program Files (x86)\Audiokinetic\Wwise 2022.1.5.8242\SDK\samples\SoundEngine\Common\AkMultipleFileLocation.h">
      <Filter>Source Files\AkFiles</Filter>
    </ClInclude>
    <ClInclude Include="..\..\..\..\..\..\..\..\Program Files (x86)\Audiokinetic\Wwise 2022.1.5.8242\SDK\samples\SoundEngine\Common\AkPlatformProfilerHooks.h">
      <Filter>Source Files\AkFiles</Filter>
    </ClInclude>
    <ClInclude Include="..\..\..\..\..\..\..\..\Program Files (x86)\Audiokinetic\Wwise 2022.1.5.8242\SDK\samples\SoundEngine\Win32\AkDefaultIOHookBlocking.h">
      <Filter>Source Files\AkFiles</Filter>
    </ClInclude>
    <ClInclude Include="..\..\..\..\..\..\..\..\Program Files (x86)\Audiokinetic\Wwise 2022.1.5.8242\SDK\samples\SoundEngine\Win32\AkDefaultIOHookDeferred.h">
      <Filter>Source Files\AkFiles</Filter>
    </ClInclude>
    <ClInclude Include="..\..\..\..\..\..\..\..\Program Files (x86)\Audiokinetic\Wwise 2022.1.5.8242\SDK\samples\SoundEngine\Win32\AkFileHelpers.h">
      <Filter>Source Files\AkFiles</Filter>
    </ClInclude>
    <ClInclude Include="..\..\..\..\..\..\..\..\Program Files (x86)\Audiokinetic\Wwise 2022.1.5.8242\SDK\samples\SoundEngine\Win32\AkFilePackageLowLevelIOBlocking.h">
      <Filter>Source Files\AkFiles</Filter>
    </ClInclude>
    <ClInclude Include="..\..\..\..\..\..\..\..\Program Files (x86)\Audiokinetic\Wwise 2022.1.5.8242\SDK\samples\SoundEngine\Win32\AkFilePackageLowLevelIODeferred.h">
      <Filter>Source Files\AkFiles</Filter>
    </ClInclude>
    <ClInclude Include="..\..\..\..\..\..\..\..\Program Files (x86)\Audiokinetic\Wwise 2022.1.5.8242\SDK\samples\SoundEngine\Win32\stdafx.h">
      <Filter>Source Files\AkFiles</Filter>
    </ClInclude>
  </ItemGroup>
  <ItemGroup>
    <ClCompile Include="WiseWrapper.cpp">
      <Filter>Source Files</Filter>
    </ClCompile>
    <ClCompile Include="pch.cpp">
      <Filter>Source Files</Filter>
    </ClCompile>
    <ClCompile Include="..\..\..\..\..\..\..\..\Program Files (x86)\Audiokinetic\Wwise 2022.1.5.8242\SDK\samples\SoundEngine\Common\AkDefaultLowLevelIODispatcher.cpp">
      <Filter>Source Files\AkFiles</Filter>
    </ClCompile>
    <ClCompile Include="..\..\..\..\..\..\..\..\Program Files (x86)\Audiokinetic\Wwise 2022.1.5.8242\SDK\samples\SoundEngine\Common\AkFileLocationBase.cpp">
      <Filter>Source Files\AkFiles</Filter>
    </ClCompile>
    <ClCompile Include="..\..\..\..\..\..\..\..\Program Files (x86)\Audiokinetic\Wwise 2022.1.5.8242\SDK\samples\SoundEngine\Common\AkFilePackage.cpp">
      <Filter>Source Files\AkFiles</Filter>
    </ClCompile>
    <ClCompile Include="..\..\..\..\..\..\..\..\Program Files (x86)\Audiokinetic\Wwise 2022.1.5.8242\SDK\samples\SoundEngine\Common\AkFilePackageLUT.cpp">
      <Filter>Source Files\AkFiles</Filter>
    </ClCompile>
    <ClCompile Include="..\..\..\..\..\..\..\..\Program Files (x86)\Audiokinetic\Wwise 2022.1.5.8242\SDK\samples\SoundEngine\Common\AkGeneratedSoundBanksResolver.cpp">
      <Filter>Source Files\AkFiles</Filter>
    </ClCompile>
    <ClCompile Include="..\..\..\..\..\..\..\..\Program Files (x86)\Audiokinetic\Wwise 2022.1.5.8242\SDK\samples\SoundEngine\Common\AkJobWorkerMgr.cpp">
      <Filter>Source Files\AkFiles</Filter>
    </ClCompile>
    <ClCompile Include="..\..\..\..\..\..\..\..\Program Files (x86)\Audiokinetic\Wwise 2022.1.5.8242\SDK\samples\SoundEngine\Common\AkMultipleFileLocation.cpp">
      <Filter>Source Files\AkFiles</Filter>
    </ClCompile>
    <ClCompile Include="..\..\..\..\..\..\..\..\Program Files (x86)\Audiokinetic\Wwise 2022.1.5.8242\SDK\samples\SoundEngine\Win32\AkDefaultIOHookBlocking.cpp">
      <Filter>Source Files\AkFiles</Filter>
    </ClCompile>
    <ClCompile Include="..\..\..\..\..\..\..\..\Program Files (x86)\Audiokinetic\Wwise 2022.1.5.8242\SDK\samples\SoundEngine\Win32\AkDefaultIOHookDeferred.cpp">
      <Filter>Source Files\AkFiles</Filter>
    </ClCompile>
    <ClCompile Include="..\..\..\..\..\..\..\..\Program Files (x86)\Audiokinetic\Wwise 2022.1.5.8242\SDK\samples\SoundEngine\Win32\AkPlatformProfilerHooks.cpp">
      <Filter>Source Files\AkFiles</Filter>
    </ClCompile>
    <ClCompile Include="..\..\..\..\..\..\..\..\Program Files (x86)\Audiokinetic\Wwise 2022.1.5.8242\SDK\samples\SoundEngine\Win32\stdafx.cpp">
      <Filter>Source Files\AkFiles</Filter>
    </ClCompile>
  </ItemGroup>
  <ItemGroup>
    <None Include="..\..\..\..\..\..\..\..\Program Files (x86)\Audiokinetic\Wwise 2022.1.5.8242\SDK\samples\SoundEngine\Common\AkFilePackageLowLevelIO.inl">
      <Filter>Source Files\AkFiles</Filter>
    </None>
  </ItemGroup>
</Project>